
Microsoft Visual Studio Solution File, Format Version 12.00
# Visual Studio 15
VisualStudioVersion = 15.0.27428.2011
MinimumVisualStudioVersion = 10.0.40219.1
Project("{FAE04EC0-301F-11D3-BF4B-00C04F79EFBC}") = "Stacja_benzynowa", "Stacja_benzynowa\Stacja_benzynowa.csproj", "{370BCEE4-736A-49FC-BFE9-FC165057A45B}"
EndProject
Global
	GlobalSection(SolutionConfigurationPlatforms) = preSolution
		Debug|Any CPU = Debug|Any CPU
		Release|Any CPU = Release|Any CPU
	EndGlobalSection
	GlobalSection(ProjectConfigurationPlatforms) = postSolution
		{370BCEE4-736A-49FC-BFE9-FC165057A45B}.Debug|Any CPU.ActiveCfg = Debug|Any CPU
		{370BCEE4-736A-49FC-BFE9-FC165057A45B}.Debug|Any CPU.Build.0 = Debug|Any CPU
		{370BCEE4-736A-49FC-BFE9-FC165057A45B}.Release|Any CPU.ActiveCfg = Release|Any CPU
		{370BCEE4-736A-49FC-BFE9-FC165057A45B}.Release|Any CPU.Build.0 = Release|Any CPU
	EndGlobalSection
	GlobalSection(SolutionProperties) = preSolution
		HideSolutionNode = FALSE
	EndGlobalSection
	GlobalSection(ExtensibilityGlobals) = postSolution
		SolutionGuid = {8ADF4345-68C4-477B-88CD-BE1299F04569}
	EndGlobalSection
EndGlobal
